
Microsoft Visual Studio Solution File, Format Version 12.00
# Visual Studio Version 16
VisualStudioVersion = 16.0.31105.61
MinimumVisualStudioVersion = 10.0.40219.1
Project("{FAE04EC0-301F-11D3-BF4B-00C04F79EFBC}") = "Net.M.A004.Exercise1", "Net.M.A004\Net.M.A004.Exercise1.csproj", "{9FF0397A-6748-48D5-939C-D95E5C105CE7}"
EndProject
Project("{FAE04EC0-301F-11D3-BF4B-00C04F79EFBC}") = "Net.M.A004.Exercise2", "Net.M.A004.Exercise2\Net.M.A004.Exercise2.csproj", "{D6E0F8A3-7F6A-4A20-8BD5-7DC8C779D9AE}"
EndProject
Project("{FAE04EC0-301F-11D3-BF4B-00C04F79EFBC}") = "Net.M.A005.Exercise1", "Net.M.A005.Exercise1\Net.M.A005.Exercise1.csproj", "{46827A8F-9258-490B-A61D-12FB551D0C8D}"
EndProject
Project("{FAE04EC0-301F-11D3-BF4B-00C04F79EFBC}") = "Net.M.A005.Exercise2", "Net.M.A005.Exercise2\Net.M.A005.Exercise2.csproj", "{6262A174-4BB5-47CE-B8C1-DCA18C781E2A}"
EndProject
Project("{FAE04EC0-301F-11D3-BF4B-00C04F79EFBC}") = "Net.M.A005.Exercise3", "Net.M.A005.Exercise3\Net.M.A005.Exercise3.csproj", "{2028B812-AA8F-4FC4-A6C7-DC9093F3393F}"
EndProject
Project("{FAE04EC0-301F-11D3-BF4B-00C04F79EFBC}") = "Net.M.A006.Exercise1", "Net.M.A006.Exercise1\Net.M.A006.Exercise1.csproj", "{0AFDBB85-DF95-4E3E-9A31-3CD502E33B65}"
EndProject
Project("{FAE04EC0-301F-11D3-BF4B-00C04F79EFBC}") = "Net.M.A006.Exercise2", "Net.M.A006.Exercise2\Net.M.A006.Exercise2.csproj", "{EA3F8915-4BA6-49F2-B635-D4A488FD8D89}"
EndProject
Project("{FAE04EC0-301F-11D3-BF4B-00C04F79EFBC}") = "Net.M.A006.Exercise3", "Net.M.A006.Exercise3\Net.M.A006.Exercise3.csproj", "{B1C66689-4CFB-4C71-8055-C79977C7EE8B}"
EndProject
Project("{FAE04EC0-301F-11D3-BF4B-00C04F79EFBC}") = "Net.M.A007.Exercise1", "Net.M.A007.Exercise1\Net.M.A007.Exercise1.csproj", "{F5B1DF4A-0716-4FA2-921E-0EA8AD841DEC}"
EndProject
Project("{FAE04EC0-301F-11D3-BF4B-00C04F79EFBC}") = "Net.M.A010", "Net.M.A010\Net.M.A010.csproj", "{687B6FF8-B152-473F-AB1D-5C71DA0A6D54}"
EndProject
Project("{FAE04EC0-301F-11D3-BF4B-00C04F79EFBC}") = "Net.M.A012", "Net.M.A012\Net.M.A012.csproj", "{1CA95CA1-9F45-4629-865D-CCBD8169671C}"
EndProject
Project("{FAE04EC0-301F-11D3-BF4B-00C04F79EFBC}") = "Net.M.A009.Exercise1", "Net.M.A009.Exercise1\Net.M.A009.Exercise1.csproj", "{785A0DCC-96D7-473B-A23C-97E7915CFC73}"
EndProject
Global
	GlobalSection(SolutionConfigurationPlatforms) = preSolution
		Debug|Any CPU = Debug|Any CPU
		Release|Any CPU = Release|Any CPU
	EndGlobalSection
	GlobalSection(ProjectConfigurationPlatforms) = postSolution
		{9FF0397A-6748-48D5-939C-D95E5C105CE7}.Debug|Any CPU.ActiveCfg = Debug|Any CPU
		{9FF0397A-6748-48D5-939C-D95E5C105CE7}.Debug|Any CPU.Build.0 = Debug|Any CPU
		{9FF0397A-6748-48D5-939C-D95E5C105CE7}.Release|Any CPU.ActiveCfg = Release|Any CPU
		{9FF0397A-6748-48D5-939C-D95E5C105CE7}.Release|Any CPU.Build.0 = Release|Any CPU
		{D6E0F8A3-7F6A-4A20-8BD5-7DC8C779D9AE}.Debug|Any CPU.ActiveCfg = Debug|Any CPU
		{D6E0F8A3-7F6A-4A20-8BD5-7DC8C779D9AE}.Debug|Any CPU.Build.0 = Debug|Any CPU
		{D6E0F8A3-7F6A-4A20-8BD5-7DC8C779D9AE}.Release|Any CPU.ActiveCfg = Release|Any CPU
		{D6E0F8A3-7F6A-4A20-8BD5-7DC8C779D9AE}.Release|Any CPU.Build.0 = Release|Any CPU
		{46827A8F-9258-490B-A61D-12FB551D0C8D}.Debug|Any CPU.ActiveCfg = Debug|Any CPU
		{46827A8F-9258-490B-A61D-12FB551D0C8D}.Debug|Any CPU.Build.0 = Debug|Any CPU
		{46827A8F-9258-490B-A61D-12FB551D0C8D}.Release|Any CPU.ActiveCfg = Release|Any CPU
		{46827A8F-9258-490B-A61D-12FB551D0C8D}.Release|Any CPU.Build.0 = Release|Any CPU
		{6262A174-4BB5-47CE-B8C1-DCA18C781E2A}.Debug|Any CPU.ActiveCfg = Debug|Any CPU
		{6262A174-4BB5-47CE-B8C1-DCA18C781E2A}.Debug|Any CPU.Build.0 = Debug|Any CPU
		{6262A174-4BB5-47CE-B8C1-DCA18C781E2A}.Release|Any CPU.ActiveCfg = Release|Any CPU
		{6262A174-4BB5-47CE-B8C1-DCA18C781E2A}.Release|Any CPU.Build.0 = Release|Any CPU
		{2028B812-AA8F-4FC4-A6C7-DC9093F3393F}.Debug|Any CPU.ActiveCfg = Debug|Any CPU
		{2028B812-AA8F-4FC4-A6C7-DC9093F3393F}.Debug|Any CPU.Build.0 = Debug|Any CPU
		{2028B812-AA8F-4FC4-A6C7-DC9093F3393F}.Release|Any CPU.ActiveCfg = Release|Any CPU
		{2028B812-AA8F-4FC4-A6C7-DC9093F3393F}.Release|Any CPU.Build.0 = Release|Any CPU
		{0AFDBB85-DF95-4E3E-9A31-3CD502E33B65}.Debug|Any CPU.ActiveCfg = Debug|Any CPU
		{0AFDBB85-DF95-4E3E-9A31-3CD502E33B65}.Debug|Any CPU.Build.0 = Debug|Any CPU
		{0AFDBB85-DF95-4E3E-9A31-3CD502E33B65}.Release|Any CPU.ActiveCfg = Release|Any CPU
		{0AFDBB85-DF95-4E3E-9A31-3CD502E33B65}.Release|Any CPU.Build.0 = Release|Any CPU
		{EA3F8915-4BA6-49F2-B635-D4A488FD8D89}.Debug|Any CPU.ActiveCfg = Debug|Any CPU
		{EA3F8915-4BA6-49F2-B635-D4A488FD8D89}.Debug|Any CPU.Build.0 = Debug|Any CPU
		{EA3F8915-4BA6-49F2-B635-D4A488FD8D89}.Release|Any CPU.ActiveCfg = Release|Any CPU
		{EA3F8915-4BA6-49F2-B635-D4A488FD8D89}.Release|Any CPU.Build.0 = Release|Any CPU
		{B1C66689-4CFB-4C71-8055-C79977C7EE8B}.Debug|Any CPU.ActiveCfg = Debug|Any CPU
		{B1C66689-4CFB-4C71-8055-C79977C7EE8B}.Debug|Any CPU.Build.0 = Debug|Any CPU
		{B1C66689-4CFB-4C71-8055-C79977C7EE8B}.Release|Any CPU.ActiveCfg = Release|Any CPU
		{B1C66689-4CFB-4C71-8055-C79977C7EE8B}.Release|Any CPU.Build.0 = Release|Any CPU
		{F5B1DF4A-0716-4FA2-921E-0EA8AD841DEC}.Debug|Any CPU.ActiveCfg = Debug|Any CPU
		{F5B1DF4A-0716-4FA2-921E-0EA8AD841DEC}.Debug|Any CPU.Build.0 = Debug|Any CPU
		{F5B1DF4A-0716-4FA2-921E-0EA8AD841DEC}.Release|Any CPU.ActiveCfg = Release|Any CPU
		{F5B1DF4A-0716-4FA2-921E-0EA8AD841DEC}.Release|Any CPU.Build.0 = Release|Any CPU
		{687B6FF8-B152-473F-AB1D-5C71DA0A6D54}.Debug|Any CPU.ActiveCfg = Debug|Any CPU
		{687B6FF8-B152-473F-AB1D-5C71DA0A6D54}.Debug|Any CPU.Build.0 = Debug|Any CPU
		{687B6FF8-B152-473F-AB1D-5C71DA0A6D54}.Release|Any CPU.ActiveCfg = Release|Any CPU
		{687B6FF8-B152-473F-AB1D-5C71DA0A6D54}.Release|Any CPU.Build.0 = Release|Any CPU
		{1CA95CA1-9F45-4629-865D-CCBD8169671C}.Debug|Any CPU.ActiveCfg = Debug|Any CPU
		{1CA95CA1-9F45-4629-865D-CCBD8169671C}.Debug|Any CPU.Build.0 = Debug|Any CPU
		{1CA95CA1-9F45-4629-865D-CCBD8169671C}.Release|Any CPU.ActiveCfg = Release|Any CPU
		{1CA95CA1-9F45-4629-865D-CCBD8169671C}.Release|Any CPU.Build.0 = Release|Any CPU
		{785A0DCC-96D7-473B-A23C-97E7915CFC73}.Debug|Any CPU.ActiveCfg = Debug|Any CPU
		{785A0DCC-96D7-473B-A23C-97E7915CFC73}.Debug|Any CPU.Build.0 = Debug|Any CPU
		{785A0DCC-96D7-473B-A23C-97E7915CFC73}.Release|Any CPU.ActiveCfg = Release|Any CPU
		{785A0DCC-96D7-473B-A23C-97E7915CFC73}.Release|Any CPU.Build.0 = Release|Any CPU
	EndGlobalSection
	GlobalSection(SolutionProperties) = preSolution
		HideSolutionNode = FALSE
	EndGlobalSection
	GlobalSection(ExtensibilityGlobals) = postSolution
		SolutionGuid = {690F6928-5070-4A67-B6B9-23D153F56D0D}
	EndGlobalSection
EndGlobal
