
Microsoft Visual Studio Solution File, Format Version 12.00
# Visual Studio Version 16
VisualStudioVersion = 16.0.31105.61
MinimumVisualStudioVersion = 10.0.40219.1
Project("{FAE04EC0-301F-11D3-BF4B-00C04F79EFBC}") = "Net.M.A004.Exercise1", "Net.M.A004\Net.M.A004.Exercise1.csproj", "{9FF0397A-6748-48D5-939C-D95E5C105CE7}"
EndProject
Project("{FAE04EC0-301F-11D3-BF4B-00C04F79EFBC}") = "Net.M.A004.Exercise2", "Net.M.A004.Exercise2\Net.M.A004.Exercise2.csproj", "{D6E0F8A3-7F6A-4A20-8BD5-7DC8C779D9AE}"
EndProject
Global
	GlobalSection(SolutionConfigurationPlatforms) = preSolution
		Debug|Any CPU = Debug|Any CPU
		Release|Any CPU = Release|Any CPU
	EndGlobalSection
	GlobalSection(ProjectConfigurationPlatforms) = postSolution
		{9FF0397A-6748-48D5-939C-D95E5C105CE7}.Debug|Any CPU.ActiveCfg = Debug|Any CPU
		{9FF0397A-6748-48D5-939C-D95E5C105CE7}.Debug|Any CPU.Build.0 = Debug|Any CPU
		{9FF0397A-6748-48D5-939C-D95E5C105CE7}.Release|Any CPU.ActiveCfg = Release|Any CPU
		{9FF0397A-6748-48D5-939C-D95E5C105CE7}.Release|Any CPU.Build.0 = Release|Any CPU
		{D6E0F8A3-7F6A-4A20-8BD5-7DC8C779D9AE}.Debug|Any CPU.ActiveCfg = Debug|Any CPU
		{D6E0F8A3-7F6A-4A20-8BD5-7DC8C779D9AE}.Debug|Any CPU.Build.0 = Debug|Any CPU
		{D6E0F8A3-7F6A-4A20-8BD5-7DC8C779D9AE}.Release|Any CPU.ActiveCfg = Release|Any CPU
		{D6E0F8A3-7F6A-4A20-8BD5-7DC8C779D9AE}.Release|Any CPU.Build.0 = Release|Any CPU
	EndGlobalSection
	GlobalSection(SolutionProperties) = preSolution
		HideSolutionNode = FALSE
	EndGlobalSection
	GlobalSection(ExtensibilityGlobals) = postSolution
		SolutionGuid = {690F6928-5070-4A67-B6B9-23D153F56D0D}
	EndGlobalSection
EndGlobal
